
Microsoft Visual Studio Solution File, Format Version 12.00
# Visual Studio Version 16
VisualStudioVersion = 16.0.30002.166
MinimumVisualStudioVersion = 10.0.40219.1
Project("{9A19103F-16F7-4668-BE54-9A1E7A4F7556}") = "IMS.Application", "IMS.Application\IMS.Application.csproj", "{A46C2BBB-654C-4396-A860-C76EA9F86BDD}"
EndProject
Project("{2150E333-8FDC-42A3-9474-1A3956D46DE8}") = "1.Api", "1.Api", "{2189E0E1-12BF-48A9-BA46-70F352C38CF3}"
EndProject
Project("{2150E333-8FDC-42A3-9474-1A3956D46DE8}") = "2.Core", "2.Core", "{08D07377-85EA-4A23-B2F7-9C9692698B6C}"
EndProject
Project("{2150E333-8FDC-42A3-9474-1A3956D46DE8}") = "3.Infra", "3.Infra", "{70D407B3-0C33-4E72-BA08-CCB2A02F0E7E}"
EndProject
Project("{9A19103F-16F7-4668-BE54-9A1E7A4F7556}") = "IMS.Infrastructure", "IMS.Infrastructure\IMS.Infrastructure.csproj", "{F735BAFF-AE0C-42FC-BB01-CA7D62EBD3FD}"
EndProject
Project("{9A19103F-16F7-4668-BE54-9A1E7A4F7556}") = "IMS.Domain", "IMS.Domain\IMS.Domain.csproj", "{7678F69D-3B0F-40B3-A431-AA59CA34752B}"
EndProject
Project("{9A19103F-16F7-4668-BE54-9A1E7A4F7556}") = "IMS.Localization.Json", "IMS.Localization.Json\IMS.Localization.Json.csproj", "{9AF7BE14-FEFE-41CA-8A8D-2D2B83F8B410}"
EndProject
Project("{9A19103F-16F7-4668-BE54-9A1E7A4F7556}") = "IMS.Api.Information", "IMS.Api.Information\IMS.Api.Information.csproj", "{6A9F2EB9-EA8D-4F3A-BD09-7EF03CC02BB8}"
EndProject
Project("{2150E333-8FDC-42A3-9474-1A3956D46DE8}") = "4.Tests", "4.Tests", "{B5113B90-A7F0-4853-BEF5-8B59014133D1}"
EndProject
Project("{FAE04EC0-301F-11D3-BF4B-00C04F79EFBC}") = "IMS.Test", "IMS.Test\IMS.Test.csproj", "{7B5C921A-99D6-4AE6-BD26-584196DCB528}"
EndProject
Global
	GlobalSection(SolutionConfigurationPlatforms) = preSolution
		Debug|Any CPU = Debug|Any CPU
		Release|Any CPU = Release|Any CPU
	EndGlobalSection
	GlobalSection(ProjectConfigurationPlatforms) = postSolution
		{A46C2BBB-654C-4396-A860-C76EA9F86BDD}.Debug|Any CPU.ActiveCfg = Debug|Any CPU
		{A46C2BBB-654C-4396-A860-C76EA9F86BDD}.Debug|Any CPU.Build.0 = Debug|Any CPU
		{A46C2BBB-654C-4396-A860-C76EA9F86BDD}.Release|Any CPU.ActiveCfg = Release|Any CPU
		{A46C2BBB-654C-4396-A860-C76EA9F86BDD}.Release|Any CPU.Build.0 = Release|Any CPU
		{F735BAFF-AE0C-42FC-BB01-CA7D62EBD3FD}.Debug|Any CPU.ActiveCfg = Debug|Any CPU
		{F735BAFF-AE0C-42FC-BB01-CA7D62EBD3FD}.Debug|Any CPU.Build.0 = Debug|Any CPU
		{F735BAFF-AE0C-42FC-BB01-CA7D62EBD3FD}.Release|Any CPU.ActiveCfg = Release|Any CPU
		{F735BAFF-AE0C-42FC-BB01-CA7D62EBD3FD}.Release|Any CPU.Build.0 = Release|Any CPU
		{7678F69D-3B0F-40B3-A431-AA59CA34752B}.Debug|Any CPU.ActiveCfg = Debug|Any CPU
		{7678F69D-3B0F-40B3-A431-AA59CA34752B}.Debug|Any CPU.Build.0 = Debug|Any CPU
		{7678F69D-3B0F-40B3-A431-AA59CA34752B}.Release|Any CPU.ActiveCfg = Release|Any CPU
		{7678F69D-3B0F-40B3-A431-AA59CA34752B}.Release|Any CPU.Build.0 = Release|Any CPU
		{9AF7BE14-FEFE-41CA-8A8D-2D2B83F8B410}.Debug|Any CPU.ActiveCfg = Debug|Any CPU
		{9AF7BE14-FEFE-41CA-8A8D-2D2B83F8B410}.Debug|Any CPU.Build.0 = Debug|Any CPU
		{9AF7BE14-FEFE-41CA-8A8D-2D2B83F8B410}.Release|Any CPU.ActiveCfg = Release|Any CPU
		{9AF7BE14-FEFE-41CA-8A8D-2D2B83F8B410}.Release|Any CPU.Build.0 = Release|Any CPU
		{6A9F2EB9-EA8D-4F3A-BD09-7EF03CC02BB8}.Debug|Any CPU.ActiveCfg = Debug|Any CPU
		{6A9F2EB9-EA8D-4F3A-BD09-7EF03CC02BB8}.Debug|Any CPU.Build.0 = Debug|Any CPU
		{6A9F2EB9-EA8D-4F3A-BD09-7EF03CC02BB8}.Release|Any CPU.ActiveCfg = Release|Any CPU
		{6A9F2EB9-EA8D-4F3A-BD09-7EF03CC02BB8}.Release|Any CPU.Build.0 = Release|Any CPU
		{7B5C921A-99D6-4AE6-BD26-584196DCB528}.Debug|Any CPU.ActiveCfg = Debug|Any CPU
		{7B5C921A-99D6-4AE6-BD26-584196DCB528}.Debug|Any CPU.Build.0 = Debug|Any CPU
		{7B5C921A-99D6-4AE6-BD26-584196DCB528}.Release|Any CPU.ActiveCfg = Release|Any CPU
		{7B5C921A-99D6-4AE6-BD26-584196DCB528}.Release|Any CPU.Build.0 = Release|Any CPU
	EndGlobalSection
	GlobalSection(SolutionProperties) = preSolution
		HideSolutionNode = FALSE
	EndGlobalSection
	GlobalSection(NestedProjects) = preSolution
		{A46C2BBB-654C-4396-A860-C76EA9F86BDD} = {08D07377-85EA-4A23-B2F7-9C9692698B6C}
		{F735BAFF-AE0C-42FC-BB01-CA7D62EBD3FD} = {70D407B3-0C33-4E72-BA08-CCB2A02F0E7E}
		{7678F69D-3B0F-40B3-A431-AA59CA34752B} = {08D07377-85EA-4A23-B2F7-9C9692698B6C}
		{9AF7BE14-FEFE-41CA-8A8D-2D2B83F8B410} = {70D407B3-0C33-4E72-BA08-CCB2A02F0E7E}
		{6A9F2EB9-EA8D-4F3A-BD09-7EF03CC02BB8} = {2189E0E1-12BF-48A9-BA46-70F352C38CF3}
		{7B5C921A-99D6-4AE6-BD26-584196DCB528} = {B5113B90-A7F0-4853-BEF5-8B59014133D1}
	EndGlobalSection
	GlobalSection(ExtensibilityGlobals) = postSolution
		SolutionGuid = {6AE965BF-D4EB-48D1-BCCD-D7ADF77DBFC9}
	EndGlobalSection
EndGlobal
